
Microsoft Visual Studio Solution File, Format Version 12.00
# Visual Studio Version 17
VisualStudioVersion = 17.8.34511.84
MinimumVisualStudioVersion = 10.0.40219.1
Project("{9A19103F-16F7-4668-BE54-9A1E7A4F7556}") = "ERPHamza", "ERPHamza\ERPHamza.csproj", "{40A03D59-FB36-456D-96DA-F17C4DA5EB5D}"
EndProject
Global
	GlobalSection(SolutionConfigurationPlatforms) = preSolution
		Debug|Any CPU = Debug|Any CPU
		Release|Any CPU = Release|Any CPU
	EndGlobalSection
	GlobalSection(ProjectConfigurationPlatforms) = postSolution
		{40A03D59-FB36-456D-96DA-F17C4DA5EB5D}.Debug|Any CPU.ActiveCfg = Debug|Any CPU
		{40A03D59-FB36-456D-96DA-F17C4DA5EB5D}.Debug|Any CPU.Build.0 = Debug|Any CPU
		{40A03D59-FB36-456D-96DA-F17C4DA5EB5D}.Release|Any CPU.ActiveCfg = Release|Any CPU
		{40A03D59-FB36-456D-96DA-F17C4DA5EB5D}.Release|Any CPU.Build.0 = Release|Any CPU
	EndGlobalSection
	GlobalSection(SolutionProperties) = preSolution
		HideSolutionNode = FALSE
	EndGlobalSection
	GlobalSection(ExtensibilityGlobals) = postSolution
		SolutionGuid = {B9070A05-254A-499C-BF18-161ED780CFFD}
	EndGlobalSection
EndGlobal
